
Microsoft Visual Studio Solution File, Format Version 12.00
# Visual Studio Version 17
VisualStudioVersion = 17.0.31606.5
MinimumVisualStudioVersion = 10.0.40219.1
Project("{FAE04EC0-301F-11D3-BF4B-00C04F79EFBC}") = "NeonControl", "NeonControl\NeonControl.csproj", "{F7238054-6B9C-4CD4-974B-7AE7AECCD4CE}"
EndProject
Global
	GlobalSection(SolutionConfigurationPlatforms) = preSolution
		Debug|Any CPU = Debug|Any CPU
		Release|Any CPU = Release|Any CPU
	EndGlobalSection
	GlobalSection(ProjectConfigurationPlatforms) = postSolution
		{F7238054-6B9C-4CD4-974B-7AE7AECCD4CE}.Debug|Any CPU.ActiveCfg = Debug|Any CPU
		{F7238054-6B9C-4CD4-974B-7AE7AECCD4CE}.Debug|Any CPU.Build.0 = Debug|Any CPU
		{F7238054-6B9C-4CD4-974B-7AE7AECCD4CE}.Release|Any CPU.ActiveCfg = Release|Any CPU
		{F7238054-6B9C-4CD4-974B-7AE7AECCD4CE}.Release|Any CPU.Build.0 = Release|Any CPU
	EndGlobalSection
	GlobalSection(SolutionProperties) = preSolution
		HideSolutionNode = FALSE
	EndGlobalSection
	GlobalSection(ExtensibilityGlobals) = postSolution
		SolutionGuid = {49F08D97-F67B-4ED2-812E-4DC5687493E6}
	EndGlobalSection
EndGlobal
